github.com/ripol92/bank v0.0.0-20210406064541-441444bf1289 h1:/t6KrIZR1OlFDs6CgvACtBSTNzrEWuWS035srU6syRk=
github.com/ripol92/bank v0.0.0-20210406064541-441444bf1289/go.mod h1:V+VU0/Wt6XMSc6nAr20z4kQq6evRaaZTGgfOEOanNsg=
github.com/ripol92/bank v0.0.0-20210406070948-199a22fcca43 h1:DFtRYDYNsiTPvp/6gO/AWFb8V+PEc0j1NdGxS19nBAI=
github.com/ripol92/bank v0.0.0-20210406070948-199a22fcca43/go.mod h1:V+VU0/Wt6XMSc6nAr20z4kQq6evRaaZTGgfOEOanNsg=
